// !$*UTF8*$!
{
	archiveVersion = 1;
	classes = {
	};
	objectVersion = 46;
	objects = {

/* Begin PBXBuildFile section */
		5B1197F6194A2CA5000784AF /* HeadlessActivity.m in Sources */ = {isa = PBXBuildFile; fileRef = 5B1197F5194A2CA5000784AF /* HeadlessActivity.m */; };
		5B4D6CC11936ACE5004D1A0B /* Foundation.framework in Frameworks */ = {isa = PBXBuildFile; fileRef = 5B4D6CC01936ACE5004D1A0B /* Foundation.framework */; };
		5B4D6CC31936ACE5004D1A0B /* CoreGraphics.framework in Frameworks */ = {isa = PBXBuildFile; fileRef = 5B4D6CC21936ACE5004D1A0B /* CoreGraphics.framework */; };
		5B4D6CCB1936ACE5004D1A0B /* InfoPlist.strings in Resources */ = {isa = PBXBuildFile; fileRef = 5B4D6CC91936ACE5004D1A0B /* InfoPlist.strings */; };
		5B89B01C19462F7300CD2A5E /* HeadlessActivity.java in Sources */ = {isa = PBXBuildFile; fileRef = 5B89B01B19462F7300CD2A5E /* HeadlessActivity.java */; };
		5BAF859F1936C8990085EA39 /* libEGL.so in Frameworks */ = {isa = PBXBuildFile; fileRef = 5BAF859E1936C8990085EA39 /* libEGL.so */; };
		5BAF85A31936C8A90085EA39 /* libGLESv1_CM.so in Frameworks */ = {isa = PBXBuildFile; fileRef = 5BAF85A01936C8A90085EA39 /* libGLESv1_CM.so */; };
		5BAF85A41936C8A90085EA39 /* libGLESv2.so in Frameworks */ = {isa = PBXBuildFile; fileRef = 5BAF85A11936C8A90085EA39 /* libGLESv2.so */; };
		5BAF85A51936C8A90085EA39 /* libGLESv3.so in Frameworks */ = {isa = PBXBuildFile; fileRef = 5BAF85A21936C8A90085EA39 /* libGLESv3.so */; };
		5BE088C9194132E600BEA3FF /* BridgeKitV3.framework in Frameworks */ = {isa = PBXBuildFile; fileRef = 5BCE504E1941161500E057D0 /* BridgeKitV3.framework */; };
		7DC84E44194AB6F000D2C575 /* BridgeKitV3.framework in Frameworks */ = {isa = PBXBuildFile; fileRef = 5BCE504E1941161500E057D0 /* BridgeKitV3.framework */; };
		D2D0EDF81951262700E9103F /* libcocos2dAndroid.a in Frameworks */ = {isa = PBXBuildFile; fileRef = D2D0EDF3195125EF00E9103F /* libcocos2dAndroid.a */; };
/* End PBXBuildFile section */

/* Begin PBXContainerItemProxy section */
		5B89B01D19462F8200CD2A5E /* PBXContainerItemProxy */ = {
			isa = PBXContainerItemProxy;
			containerPortal = 5B4D6CB51936ACE5004D1A0B /* Project object */;
			proxyType = 1;
			remoteGlobalIDString = 5B89B01419462F5800CD2A5E;
			remoteInfo = TestJar;
		};
		D2D0EDF0195125EF00E9103F /* PBXContainerItemProxy */ = {
			isa = PBXContainerItemProxy;
			containerPortal = D2D0EDEA195125EF00E9103F /* cocos2d-ios.xcodeproj */;
			proxyType = 2;
			remoteGlobalIDString = 5018F24D0DFDEAC400C013A5;
			remoteInfo = cocos2d;
		};
		D2D0EDF2195125EF00E9103F /* PBXContainerItemProxy */ = {
			isa = PBXContainerItemProxy;
			containerPortal = D2D0EDEA195125EF00E9103F /* cocos2d-ios.xcodeproj */;
			proxyType = 2;
			remoteGlobalIDString = D2FEB74F194F6C9E00FC0574;
			remoteInfo = cocos2dAndroid;
		};
		D2D0EDF61951262200E9103F /* PBXContainerItemProxy */ = {
			isa = PBXContainerItemProxy;
			containerPortal = D2D0EDEA195125EF00E9103F /* cocos2d-ios.xcodeproj */;
			proxyType = 1;
			remoteGlobalIDString = D2FEB60D194F6C9E00FC0574;
			remoteInfo = cocos2dAndroid;
		};
/* End PBXContainerItemProxy section */

/* Begin PBXFileReference section */
		5B1197F4194A2CA5000784AF /* HeadlessActivity.h */ = {isa = PBXFileReference; fileEncoding = 4; lastKnownFileType = sourcecode.c.h; path = HeadlessActivity.h; sourceTree = "<group>"; };
		5B1197F5194A2CA5000784AF /* HeadlessActivity.m */ = {isa = PBXFileReference; fileEncoding = 4; lastKnownFileType = sourcecode.c.objc; path = HeadlessActivity.m; sourceTree = "<group>"; };
		5B4D6CBD1936ACE5004D1A0B /* Headless.app */ = {isa = PBXFileReference; explicitFileType = wrapper.application; includeInIndex = 0; path = Headless.app; sourceTree = BUILT_PRODUCTS_DIR; };
		5B4D6CC01936ACE5004D1A0B /* Foundation.framework */ = {isa = PBXFileReference; lastKnownFileType = wrapper.framework; name = Foundation.framework; path = System/Library/Frameworks/Foundation.framework; sourceTree = SDKROOT; };
		5B4D6CC21936ACE5004D1A0B /* CoreGraphics.framework */ = {isa = PBXFileReference; lastKnownFileType = wrapper.framework; name = CoreGraphics.framework; path = System/Library/Frameworks/CoreGraphics.framework; sourceTree = SDKROOT; };
		5B4D6CC41936ACE5004D1A0B /* UIKit.framework */ = {isa = PBXFileReference; lastKnownFileType = wrapper.framework; name = UIKit.framework; path = System/Library/Frameworks/UIKit.framework; sourceTree = SDKROOT; };
		5B4D6CC81936ACE5004D1A0B /* Headless-Info.plist */ = {isa = PBXFileReference; lastKnownFileType = text.plist.xml; path = "Headless-Info.plist"; sourceTree = "<group>"; };
		5B4D6CCA1936ACE5004D1A0B /* en */ = {isa = PBXFileReference; lastKnownFileType = text.plist.strings; name = en; path = en.lproj/InfoPlist.strings; sourceTree = "<group>"; };
		5B4D6CCE1936ACE5004D1A0B /* Headless-Prefix.pch */ = {isa = PBXFileReference; lastKnownFileType = sourcecode.c.h; path = "Headless-Prefix.pch"; sourceTree = "<group>"; };
		5B4D6CD91936ACE5004D1A0B /* XCTest.framework */ = {isa = PBXFileReference; lastKnownFileType = wrapper.framework; name = XCTest.framework; path = Library/Frameworks/XCTest.framework; sourceTree = DEVELOPER_DIR; };
		5B4D6CE11936ACE5004D1A0B /* HeadlessTests-Info.plist */ = {isa = PBXFileReference; lastKnownFileType = text.plist.xml; path = "HeadlessTests-Info.plist"; sourceTree = "<group>"; };
		5B4D6CE31936ACE5004D1A0B /* en */ = {isa = PBXFileReference; lastKnownFileType = text.plist.strings; name = en; path = en.lproj/InfoPlist.strings; sourceTree = "<group>"; };
		5B4D6CE51936ACE5004D1A0B /* HeadlessTests.m */ = {isa = PBXFileReference; lastKnownFileType = sourcecode.c.objc; path = HeadlessTests.m; sourceTree = "<group>"; };
		5B89B01519462F5800CD2A5E /* TestJar.jar */ = {isa = PBXFileReference; explicitFileType = compiled.java.jar; includeInIndex = 0; path = TestJar.jar; sourceTree = BUILT_PRODUCTS_DIR; };
		5B89B01B19462F7300CD2A5E /* HeadlessActivity.java */ = {isa = PBXFileReference; fileEncoding = 4; lastKnownFileType = sourcecode.java; path = HeadlessActivity.java; sourceTree = "<group>"; };
		5B89B0211946369D00CD2A5E /* AndroidManifest.xml */ = {isa = PBXFileReference; lastKnownFileType = text.xml; name = AndroidManifest.xml; path = src/main/AndroidManifest.xml; sourceTree = "<group>"; };
		5BAF859C1936C3560085EA39 /* BridgeKit.framework */ = {isa = PBXFileReference; lastKnownFileType = wrapper.framework; name = BridgeKit.framework; path = System/Library/Frameworks/BridgeKit.framework; sourceTree = SDKROOT; };
		5BAF859E1936C8990085EA39 /* libEGL.so */ = {isa = PBXFileReference; lastKnownFileType = "compiled.mach-o.dylib"; name = libEGL.so; path = "usr/lib/armv7a-neon/libEGL.so"; sourceTree = SDKROOT; };
		5BAF85A01936C8A90085EA39 /* libGLESv1_CM.so */ = {isa = PBXFileReference; lastKnownFileType = "compiled.mach-o.dylib"; name = libGLESv1_CM.so; path = "usr/lib/armv7a-neon/libGLESv1_CM.so"; sourceTree = SDKROOT; };
		5BAF85A11936C8A90085EA39 /* libGLESv2.so */ = {isa = PBXFileReference; lastKnownFileType = "compiled.mach-o.dylib"; name = libGLESv2.so; path = "usr/lib/armv7a-neon/libGLESv2.so"; sourceTree = SDKROOT; };
		5BAF85A21936C8A90085EA39 /* libGLESv3.so */ = {isa = PBXFileReference; lastKnownFileType = "compiled.mach-o.dylib"; name = libGLESv3.so; path = "usr/lib/armv7a-neon/libGLESv3.so"; sourceTree = SDKROOT; };
		5BCE504E1941161500E057D0 /* BridgeKitV3.framework */ = {isa = PBXFileReference; lastKnownFileType = wrapper.framework; name = BridgeKitV3.framework; path = System/Library/Frameworks/BridgeKitV3.framework; sourceTree = SDKROOT; };
		5BCE505B1941181E00E057D0 /* libbridge_runtime.so */ = {isa = PBXFileReference; lastKnownFileType = "compiled.mach-o.dylib"; name = libbridge_runtime.so; path = "usr/local/lib/armv7a-neon/libbridge_runtime.so"; sourceTree = SDKROOT; };
		D2D0EDEA195125EF00E9103F /* cocos2d-ios.xcodeproj */ = {isa = PBXFileReference; lastKnownFileType = "wrapper.pb-project"; name = "cocos2d-ios.xcodeproj"; path = "../../cocos2d-ios.xcodeproj"; sourceTree = "<group>"; };
/* End PBXFileReference section */

/* Begin PBXFrameworksBuildPhase section */
		5B4D6CBA1936ACE5004D1A0B /* Frameworks */ = {
			isa = PBXFrameworksBuildPhase;
			buildActionMask = 2147483647;
			files = (
				D2D0EDF81951262700E9103F /* libcocos2dAndroid.a in Frameworks */,
				5BE088C9194132E600BEA3FF /* BridgeKitV3.framework in Frameworks */,
				5BAF85A31936C8A90085EA39 /* libGLESv1_CM.so in Frameworks */,
				5BAF85A41936C8A90085EA39 /* libGLESv2.so in Frameworks */,
				5BAF85A51936C8A90085EA39 /* libGLESv3.so in Frameworks */,
				5BAF859F1936C8990085EA39 /* libEGL.so in Frameworks */,
				5B4D6CC31936ACE5004D1A0B /* CoreGraphics.framework in Frameworks */,
				5B4D6CC11936ACE5004D1A0B /* Foundation.framework in Frameworks */,
			);
			runOnlyForDeploymentPostprocessing = 0;
		};
		5B89B01F19462FEE00CD2A5E /* Frameworks */ = {
			isa = PBXFrameworksBuildPhase;
			buildActionMask = 2147483647;
			files = (
				7DC84E44194AB6F000D2C575 /* BridgeKitV3.framework in Frameworks */,
			);
			runOnlyForDeploymentPostprocessing = 0;
		};
/* End PBXFrameworksBuildPhase section */

/* Begin PBXGroup section */
		5B4D6CB41936ACE5004D1A0B = {
			isa = PBXGroup;
			children = (
				5B4D6CC61936ACE5004D1A0B /* Headless */,
				5B4D6CDF1936ACE5004D1A0B /* HeadlessTests */,
				5B4D6CBF1936ACE5004D1A0B /* Frameworks */,
				5B4D6CBE1936ACE5004D1A0B /* Products */,
			);
			sourceTree = "<group>";
		};
		5B4D6CBE1936ACE5004D1A0B /* Products */ = {
			isa = PBXGroup;
			children = (
				5B4D6CBD1936ACE5004D1A0B /* Headless.app */,
				5B89B01519462F5800CD2A5E /* TestJar.jar */,
			);
			name = Products;
			sourceTree = "<group>";
		};
		5B4D6CBF1936ACE5004D1A0B /* Frameworks */ = {
			isa = PBXGroup;
			children = (
				5BCE505B1941181E00E057D0 /* libbridge_runtime.so */,
				5BCE504E1941161500E057D0 /* BridgeKitV3.framework */,
				5BAF85A01936C8A90085EA39 /* libGLESv1_CM.so */,
				5BAF85A11936C8A90085EA39 /* libGLESv2.so */,
				5BAF85A21936C8A90085EA39 /* libGLESv3.so */,
				5BAF859E1936C8990085EA39 /* libEGL.so */,
				5BAF859C1936C3560085EA39 /* BridgeKit.framework */,
				5B4D6CC01936ACE5004D1A0B /* Foundation.framework */,
				5B4D6CC21936ACE5004D1A0B /* CoreGraphics.framework */,
				5B4D6CC41936ACE5004D1A0B /* UIKit.framework */,
				5B4D6CD91936ACE5004D1A0B /* XCTest.framework */,
			);
			name = Frameworks;
			sourceTree = "<group>";
		};
		5B4D6CC61936ACE5004D1A0B /* Headless */ = {
			isa = PBXGroup;
			children = (
				5B89B01919462F7300CD2A5E /* com */,
				D2D0EDF51951260300E9103F /* libs */,
				5B4D6CC71936ACE5004D1A0B /* Supporting Files */,
			);
			path = Headless;
			sourceTree = "<group>";
		};
		5B4D6CC71936ACE5004D1A0B /* Supporting Files */ = {
			isa = PBXGroup;
			children = (
				5B89B0211946369D00CD2A5E /* AndroidManifest.xml */,
				5B4D6CC81936ACE5004D1A0B /* Headless-Info.plist */,
				5B4D6CC91936ACE5004D1A0B /* InfoPlist.strings */,
				5B1197F4194A2CA5000784AF /* HeadlessActivity.h */,
				5B1197F5194A2CA5000784AF /* HeadlessActivity.m */,
				5B4D6CCE1936ACE5004D1A0B /* Headless-Prefix.pch */,
			);
			name = "Supporting Files";
			sourceTree = "<group>";
		};
		5B4D6CDF1936ACE5004D1A0B /* HeadlessTests */ = {
			isa = PBXGroup;
			children = (
				5B4D6CE51936ACE5004D1A0B /* HeadlessTests.m */,
				5B4D6CE01936ACE5004D1A0B /* Supporting Files */,
			);
			path = HeadlessTests;
			sourceTree = "<group>";
		};
		5B4D6CE01936ACE5004D1A0B /* Supporting Files */ = {
			isa = PBXGroup;
			children = (
				5B4D6CE11936ACE5004D1A0B /* HeadlessTests-Info.plist */,
				5B4D6CE21936ACE5004D1A0B /* InfoPlist.strings */,
			);
			name = "Supporting Files";
			sourceTree = "<group>";
		};
		5B89B01919462F7300CD2A5E /* com */ = {
			isa = PBXGroup;
			children = (
				5B89B01A19462F7300CD2A5E /* apportable */,
			);
			name = com;
			path = src/main/java/com;
			sourceTree = "<group>";
		};
		5B89B01A19462F7300CD2A5E /* apportable */ = {
			isa = PBXGroup;
			children = (
				5B89B01B19462F7300CD2A5E /* HeadlessActivity.java */,
			);
			path = apportable;
			sourceTree = "<group>";
		};
		D2D0EDEB195125EF00E9103F /* Products */ = {
			isa = PBXGroup;
			children = (
				D2D0EDF1195125EF00E9103F /* libcocos2d.a */,
				D2D0EDF3195125EF00E9103F /* libcocos2dAndroid.a */,
			);
			name = Products;
			sourceTree = "<group>";
		};
		D2D0EDF51951260300E9103F /* libs */ = {
			isa = PBXGroup;
			children = (
				D2D0EDEA195125EF00E9103F /* cocos2d-ios.xcodeproj */,
			);
			name = libs;
			sourceTree = "<group>";
		};
/* End PBXGroup section */

/* Begin PBXNativeTarget section */
		5B4D6CBC1936ACE5004D1A0B /* Headless */ = {
			isa = PBXNativeTarget;
			buildConfigurationList = 5B4D6CE91936ACE5004D1A0B /* Build configuration list for PBXNativeTarget "Headless" */;
			buildPhases = (
				5B4D6CB91936ACE5004D1A0B /* Sources */,
				5B4D6CBA1936ACE5004D1A0B /* Frameworks */,
				5B4D6CBB1936ACE5004D1A0B /* Resources */,
			);
			buildRules = (
			);
			dependencies = (
				D2D0EDF71951262200E9103F /* PBXTargetDependency */,
				5B89B01E19462F8200CD2A5E /* PBXTargetDependency */,
			);
			name = Headless;
			productName = Headless;
			productReference = 5B4D6CBD1936ACE5004D1A0B /* Headless.app */;
			productType = "com.apple.product-type.application";
		};
		5B89B01419462F5800CD2A5E /* TestJar */ = {
			isa = PBXNativeTarget;
			buildConfigurationList = 5B89B01619462F5900CD2A5E /* Build configuration list for PBXNativeTarget "TestJar" */;
			buildPhases = (
				5B89B01219462F5800CD2A5E /* Sources */,
				5B89B01F19462FEE00CD2A5E /* Frameworks */,
			);
			buildRules = (
			);
			dependencies = (
			);
			name = TestJar;
			productName = TestJar;
			productReference = 5B89B01519462F5800CD2A5E /* TestJar.jar */;
			productType = "com.apportable.java.product-type.library";
		};
/* End PBXNativeTarget section */

/* Begin PBXProject section */
		5B4D6CB51936ACE5004D1A0B /* Project object */ = {
			isa = PBXProject;
			attributes = {
				LastUpgradeCheck = 0510;
				ORGANIZATIONNAME = Apportable;
			};
			buildConfigurationList = 5B4D6CB81936ACE5004D1A0B /* Build configuration list for PBXProject "Headless" */;
			compatibilityVersion = "Xcode 3.2";
			developmentRegion = English;
			hasScannedForEncodings = 0;
			knownRegions = (
				en,
			);
			mainGroup = 5B4D6CB41936ACE5004D1A0B;
			productRefGroup = 5B4D6CBE1936ACE5004D1A0B /* Products */;
			projectDirPath = "";
			projectReferences = (
				{
					ProductGroup = D2D0EDEB195125EF00E9103F /* Products */;
					ProjectRef = D2D0EDEA195125EF00E9103F /* cocos2d-ios.xcodeproj */;
				},
			);
			projectRoot = "";
			targets = (
				5B4D6CBC1936ACE5004D1A0B /* Headless */,
				5B89B01419462F5800CD2A5E /* TestJar */,
			);
		};
/* End PBXProject section */

/* Begin PBXReferenceProxy section */
		D2D0EDF1195125EF00E9103F /* libcocos2d.a */ = {
			isa = PBXReferenceProxy;
			fileType = archive.ar;
			path = libcocos2d.a;
			remoteRef = D2D0EDF0195125EF00E9103F /* PBXContainerItemProxy */;
			sourceTree = BUILT_PRODUCTS_DIR;
		};
		D2D0EDF3195125EF00E9103F /* libcocos2dAndroid.a */ = {
			isa = PBXReferenceProxy;
			fileType = archive.ar;
			path = libcocos2dAndroid.a;
			remoteRef = D2D0EDF2195125EF00E9103F /* PBXContainerItemProxy */;
			sourceTree = BUILT_PRODUCTS_DIR;
		};
/* End PBXReferenceProxy section */

/* Begin PBXResourcesBuildPhase section */
		5B4D6CBB1936ACE5004D1A0B /* Resources */ = {
			isa = PBXResourcesBuildPhase;
			buildActionMask = 2147483647;
			files = (
				5B4D6CCB1936ACE5004D1A0B /* InfoPlist.strings in Resources */,
			);
			runOnlyForDeploymentPostprocessing = 0;
		};
/* End PBXResourcesBuildPhase section */

/* Begin PBXSourcesBuildPhase section */
		5B4D6CB91936ACE5004D1A0B /* Sources */ = {
			isa = PBXSourcesBuildPhase;
			buildActionMask = 2147483647;
			files = (
				5B1197F6194A2CA5000784AF /* HeadlessActivity.m in Sources */,
			);
			runOnlyForDeploymentPostprocessing = 0;
		};
		5B89B01219462F5800CD2A5E /* Sources */ = {
			isa = PBXSourcesBuildPhase;
			buildActionMask = 2147483647;
			files = (
				5B89B01C19462F7300CD2A5E /* HeadlessActivity.java in Sources */,
			);
			runOnlyForDeploymentPostprocessing = 0;
		};
/* End PBXSourcesBuildPhase section */

/* Begin PBXTargetDependency section */
		5B89B01E19462F8200CD2A5E /* PBXTargetDependency */ = {
			isa = PBXTargetDependency;
			target = 5B89B01419462F5800CD2A5E /* TestJar */;
			targetProxy = 5B89B01D19462F8200CD2A5E /* PBXContainerItemProxy */;
		};
		D2D0EDF71951262200E9103F /* PBXTargetDependency */ = {
			isa = PBXTargetDependency;
			name = cocos2dAndroid;
			targetProxy = D2D0EDF61951262200E9103F /* PBXContainerItemProxy */;
		};
/* End PBXTargetDependency section */

/* Begin PBXVariantGroup section */
		5B4D6CC91936ACE5004D1A0B /* InfoPlist.strings */ = {
			isa = PBXVariantGroup;
			children = (
				5B4D6CCA1936ACE5004D1A0B /* en */,
			);
			name = InfoPlist.strings;
			sourceTree = "<group>";
		};
		5B4D6CE21936ACE5004D1A0B /* InfoPlist.strings */ = {
			isa = PBXVariantGroup;
			children = (
				5B4D6CE31936ACE5004D1A0B /* en */,
			);
			name = InfoPlist.strings;
			sourceTree = "<group>";
		};
/* End PBXVariantGroup section */

/* Begin XCBuildConfiguration section */
		5B4D6CE71936ACE5004D1A0B /* Debug */ = {
			isa = XCBuildConfiguration;
			buildSettings = {
				ALWAYS_SEARCH_USER_PATHS = NO;
				CLANG_CXX_LANGUAGE_STANDARD = "gnu++0x";
				CLANG_CXX_LIBRARY = "libc++";
				CLANG_ENABLE_MODULES = YES;
				CLANG_ENABLE_OBJC_ARC = YES;
				CLANG_WARN_BOOL_CONVERSION = YES;
				CLANG_WARN_CONSTANT_CONVERSION = YES;
				CLANG_WARN_DIRECT_OBJC_ISA_USAGE = YES_ERROR;
				CLANG_WARN_EMPTY_BODY = YES;
				CLANG_WARN_ENUM_CONVERSION = YES;
				CLANG_WARN_INT_CONVERSION = YES;
				CLANG_WARN_OBJC_ROOT_CLASS = YES_ERROR;
				CLANG_WARN__DUPLICATE_METHOD_MATCH = YES;
				"CODE_SIGN_IDENTITY[sdk=iphoneos*]" = "iPhone Developer";
				COPY_PHASE_STRIP = NO;
				GCC_C_LANGUAGE_STANDARD = gnu99;
				GCC_DYNAMIC_NO_PIC = NO;
				GCC_OPTIMIZATION_LEVEL = 0;
				GCC_PREPROCESSOR_DEFINITIONS = (
					"DEBUG=1",
					"$(inherited)",
				);
				GCC_SYMBOLS_PRIVATE_EXTERN = NO;
				GCC_WARN_64_TO_32_BIT_CONVERSION = YES;
				GCC_WARN_ABOUT_RETURN_TYPE = YES_ERROR;
				GCC_WARN_UNDECLARED_SELECTOR = YES;
				GCC_WARN_UNINITIALIZED_AUTOS = YES_AGGRESSIVE;
				GCC_WARN_UNUSED_FUNCTION = YES;
				GCC_WARN_UNUSED_VARIABLE = YES;
				IPHONEOS_DEPLOYMENT_TARGET = 7.1;
				ONLY_ACTIVE_ARCH = YES;
				SDKROOT = apportablesdk1.0;
				TARGETED_DEVICE_FAMILY = "1,2";
			};
			name = Debug;
		};
		5B4D6CE81936ACE5004D1A0B /* Release */ = {
			isa = XCBuildConfiguration;
			buildSettings = {
				ALWAYS_SEARCH_USER_PATHS = NO;
				CLANG_CXX_LANGUAGE_STANDARD = "gnu++0x";
				CLANG_CXX_LIBRARY = "libc++";
				CLANG_ENABLE_MODULES = YES;
				CLANG_ENABLE_OBJC_ARC = YES;
				CLANG_WARN_BOOL_CONVERSION = YES;
				CLANG_WARN_CONSTANT_CONVERSION = YES;
				CLANG_WARN_DIRECT_OBJC_ISA_USAGE = YES_ERROR;
				CLANG_WARN_EMPTY_BODY = YES;
				CLANG_WARN_ENUM_CONVERSION = YES;
				CLANG_WARN_INT_CONVERSION = YES;
				CLANG_WARN_OBJC_ROOT_CLASS = YES_ERROR;
				CLANG_WARN__DUPLICATE_METHOD_MATCH = YES;
				"CODE_SIGN_IDENTITY[sdk=iphoneos*]" = "iPhone Developer";
				COPY_PHASE_STRIP = YES;
				ENABLE_NS_ASSERTIONS = NO;
				GCC_C_LANGUAGE_STANDARD = gnu99;
				GCC_WARN_64_TO_32_BIT_CONVERSION = YES;
				GCC_WARN_ABOUT_RETURN_TYPE = YES_ERROR;
				GCC_WARN_UNDECLARED_SELECTOR = YES;
				GCC_WARN_UNINITIALIZED_AUTOS = YES_AGGRESSIVE;
				GCC_WARN_UNUSED_FUNCTION = YES;
				GCC_WARN_UNUSED_VARIABLE = YES;
				IPHONEOS_DEPLOYMENT_TARGET = 7.1;
				SDKROOT = apportablesdk1.0;
				TARGETED_DEVICE_FAMILY = "1,2";
				VALIDATE_PRODUCT = YES;
			};
			name = Release;
		};
		5B4D6CEA1936ACE5004D1A0B /* Debug */ = {
			isa = XCBuildConfiguration;
			buildSettings = {
				ANDROID_MANIFEST = "$(SRCROOT)//Headless/src/main/AndroidManifest.xml";
				ASSETCATALOG_COMPILER_APPICON_NAME = AppIcon;
				ASSETCATALOG_COMPILER_LAUNCHIMAGE_NAME = LaunchImage;
				GCC_PRECOMPILE_PREFIX_HEADER = YES;
				GCC_PREFIX_HEADER = "Headless/Headless-Prefix.pch";
				INFOPLIST_FILE = "Headless/Headless-Info.plist";
				LIBRARY_SEARCH_PATHS = (
					"$(inherited)",
					"$(SDKROOT)/usr/local/lib/armv7a-neon",
				);
				PRODUCT_NAME = "$(TARGET_NAME)";
				WRAPPER_EXTENSION = app;
			};
			name = Debug;
		};
		5B4D6CEB1936ACE5004D1A0B /* Release */ = {
			isa = XCBuildConfiguration;
			buildSettings = {
				ANDROID_MANIFEST = "$(SRCROOT)//Headless/src/main/AndroidManifest.xml";
				ASSETCATALOG_COMPILER_APPICON_NAME = AppIcon;
				ASSETCATALOG_COMPILER_LAUNCHIMAGE_NAME = LaunchImage;
				GCC_PRECOMPILE_PREFIX_HEADER = YES;
				GCC_PREFIX_HEADER = "Headless/Headless-Prefix.pch";
				INFOPLIST_FILE = "Headless/Headless-Info.plist";
				LIBRARY_SEARCH_PATHS = (
					"$(inherited)",
					"$(SDKROOT)/usr/local/lib/armv7a-neon",
				);
				PRODUCT_NAME = "$(TARGET_NAME)";
				WRAPPER_EXTENSION = app;
			};
			name = Release;
		};
		5B89B01719462F5900CD2A5E /* Debug */ = {
			isa = XCBuildConfiguration;
			buildSettings = {
				GCC_ENABLE_OBJC_EXCEPTIONS = YES;
				GCC_PREPROCESSOR_DEFINITIONS = (
					"DEBUG=1",
					"$(inherited)",
				);
				MACOSX_DEPLOYMENT_TARGET = "$(inherited)";
				OTHER_LDFLAGS = "";
				PRODUCT_NAME = "$(TARGET_NAME)";
			};
			name = Debug;
		};
		5B89B01819462F5900CD2A5E /* Release */ = {
			isa = XCBuildConfiguration;
			buildSettings = {
				DEBUG_INFORMATION_FORMAT = "dwarf-with-dsym";
				GCC_ENABLE_OBJC_EXCEPTIONS = YES;
				MACOSX_DEPLOYMENT_TARGET = "$(inherited)";
				OTHER_LDFLAGS = "";
				PRODUCT_NAME = "$(TARGET_NAME)";
			};
			name = Release;
		};
/* End XCBuildConfiguration section */

/* Begin XCConfigurationList section */
		5B4D6CB81936ACE5004D1A0B /* Build configuration list for PBXProject "Headless" */ = {
			isa = XCConfigurationList;
			buildConfigurations = (
				5B4D6CE71936ACE5004D1A0B /* Debug */,
				5B4D6CE81936ACE5004D1A0B /* Release */,
			);
			defaultConfigurationIsVisible = 0;
			defaultConfigurationName = Release;
		};
		5B4D6CE91936ACE5004D1A0B /* Build configuration list for PBXNativeTarget "Headless" */ = {
			isa = XCConfigurationList;
			buildConfigurations = (
				5B4D6CEA1936ACE5004D1A0B /* Debug */,
				5B4D6CEB1936ACE5004D1A0B /* Release */,
			);
			defaultConfigurationIsVisible = 0;
			defaultConfigurationName = Release;
		};
		5B89B01619462F5900CD2A5E /* Build configuration list for PBXNativeTarget "TestJar" */ = {
			isa = XCConfigurationList;
			buildConfigurations = (
				5B89B01719462F5900CD2A5E /* Debug */,
				5B89B01819462F5900CD2A5E /* Release */,
			);
			defaultConfigurationIsVisible = 0;
			defaultConfigurationName = Release;
		};
/* End XCConfigurationList section */
	};
	rootObject = 5B4D6CB51936ACE5004D1A0B /* Project object */;
}
